
Microsoft Visual Studio Solution File, Format Version 12.00
# Visual Studio Version 17
VisualStudioVersion = 17.5.33627.172
MinimumVisualStudioVersion = 10.0.40219.1
Project("{FAE04EC0-301F-11D3-BF4B-00C04F79EFBC}") = "SearchableNavbar", "SearchableNavbar_VS2022\SearchableNavbar.csproj", "{F967341D-3F76-459B-AEC4-3C5B3789374D}"
EndProject
Project("{D954291E-2A0B-460D-934E-DC6B0785DB48}") = "SearchableNavbarCommon", "SearchableNavbarCommon\SearchableNavbarCommon.shproj", "{3CAE7F7C-2E8E-48DB-A8F3-24574AE79441}"
EndProject
Global
	GlobalSection(SolutionConfigurationPlatforms) = preSolution
		Debug|Any CPU = Debug|Any CPU
		Release|Any CPU = Release|Any CPU
	EndGlobalSection
	GlobalSection(ProjectConfigurationPlatforms) = postSolution
		{F967341D-3F76-459B-AEC4-3C5B3789374D}.Debug|Any CPU.ActiveCfg = Debug|x64
		{F967341D-3F76-459B-AEC4-3C5B3789374D}.Debug|Any CPU.Build.0 = Debug|x64
		{F967341D-3F76-459B-AEC4-3C5B3789374D}.Release|Any CPU.ActiveCfg = Release|x64
		{F967341D-3F76-459B-AEC4-3C5B3789374D}.Release|Any CPU.Build.0 = Release|x64
	EndGlobalSection
	GlobalSection(SolutionProperties) = preSolution
		HideSolutionNode = FALSE
	EndGlobalSection
	GlobalSection(ExtensibilityGlobals) = postSolution
		SolutionGuid = {D1703FC8-0FC3-4D1B-BAA2-2B5B43F7CABE}
	EndGlobalSection
	GlobalSection(SharedMSBuildProjectFiles) = preSolution
		SearchableNavbarCommon\SearchableNavbarCommon.projitems*{3cae7f7c-2e8e-48db-a8f3-24574ae79441}*SharedItemsImports = 13
		SearchableNavbarCommon\SearchableNavbarCommon.projitems*{f967341d-3f76-459b-aec4-3c5b3789374d}*SharedItemsImports = 4
	EndGlobalSection
EndGlobal
